// !$*UTF8*$!
{
	archiveVersion = 1;
	classes = {
	};
	objectVersion = 56;
	objects = {

/* Begin PBXBuildFile section */
		1155527C2BC6D61400FC87C1 /* AppDelegate.swift in Sources */ = {isa = PBXBuildFile; fileRef = 1155527B2BC6D61400FC87C1 /* AppDelegate.swift */; };
		1155527E2BC6D61400FC87C1 /* SceneDelegate.swift in Sources */ = {isa = PBXBuildFile; fileRef = 1155527D2BC6D61400FC87C1 /* SceneDelegate.swift */; };
		115552802BC6D61400FC87C1 /* ViewController.swift in Sources */ = {isa = PBXBuildFile; fileRef = 1155527F2BC6D61400FC87C1 /* ViewController.swift */; };
		115552852BC6D61600FC87C1 /* Assets.xcassets in Resources */ = {isa = PBXBuildFile; fileRef = 115552842BC6D61600FC87C1 /* Assets.xcassets */; };
		115552882BC6D61600FC87C1 /* LaunchScreen.storyboard in Resources */ = {isa = PBXBuildFile; fileRef = 115552862BC6D61600FC87C1 /* LaunchScreen.storyboard */; };
		1155529F2BC70F4F00FC87C1 /* Roboto-Medium.ttf in Resources */ = {isa = PBXBuildFile; fileRef = 115552922BC70F4E00FC87C1 /* Roboto-Medium.ttf */; };
		115552A02BC70F4F00FC87C1 /* Roboto-Light.ttf in Resources */ = {isa = PBXBuildFile; fileRef = 115552932BC70F4E00FC87C1 /* Roboto-Light.ttf */; };
		115552A12BC70F4F00FC87C1 /* Roboto-Regular.ttf in Resources */ = {isa = PBXBuildFile; fileRef = 115552942BC70F4E00FC87C1 /* Roboto-Regular.ttf */; };
		115552A22BC70F4F00FC87C1 /* Roboto-MediumItalic.ttf in Resources */ = {isa = PBXBuildFile; fileRef = 115552952BC70F4E00FC87C1 /* Roboto-MediumItalic.ttf */; };
		115552A32BC70F4F00FC87C1 /* Roboto-ThinItalic.ttf in Resources */ = {isa = PBXBuildFile; fileRef = 115552962BC70F4E00FC87C1 /* Roboto-ThinItalic.ttf */; };
		115552A42BC70F4F00FC87C1 /* Roboto-BoldItalic.ttf in Resources */ = {isa = PBXBuildFile; fileRef = 115552972BC70F4E00FC87C1 /* Roboto-BoldItalic.ttf */; };
		115552A52BC70F4F00FC87C1 /* Roboto-LightItalic.ttf in Resources */ = {isa = PBXBuildFile; fileRef = 115552982BC70F4E00FC87C1 /* Roboto-LightItalic.ttf */; };
		115552A62BC70F4F00FC87C1 /* Roboto-Italic.ttf in Resources */ = {isa = PBXBuildFile; fileRef = 115552992BC70F4E00FC87C1 /* Roboto-Italic.ttf */; };
		115552A72BC70F4F00FC87C1 /* LICENSE.txt in Resources */ = {isa = PBXBuildFile; fileRef = 1155529A2BC70F4E00FC87C1 /* LICENSE.txt */; };
		115552A82BC70F4F00FC87C1 /* Roboto-BlackItalic.ttf in Resources */ = {isa = PBXBuildFile; fileRef = 1155529B2BC70F4E00FC87C1 /* Roboto-BlackItalic.ttf */; };
		115552A92BC70F4F00FC87C1 /* Roboto-Bold.ttf in Resources */ = {isa = PBXBuildFile; fileRef = 1155529C2BC70F4E00FC87C1 /* Roboto-Bold.ttf */; };
		115552AA2BC70F4F00FC87C1 /* Roboto-Thin.ttf in Resources */ = {isa = PBXBuildFile; fileRef = 1155529D2BC70F4E00FC87C1 /* Roboto-Thin.ttf */; };
		115552AB2BC70F4F00FC87C1 /* Roboto-Black.ttf in Resources */ = {isa = PBXBuildFile; fileRef = 1155529E2BC70F4E00FC87C1 /* Roboto-Black.ttf */; };
		115552AD2BC713A300FC87C1 /* UIFont + Extension.swift in Sources */ = {isa = PBXBuildFile; fileRef = 115552AC2BC713A300FC87C1 /* UIFont + Extension.swift */; };
/* End PBXBuildFile section */

/* Begin PBXFileReference section */
		115552782BC6D61400FC87C1 /* FoodDeliveryApp.app */ = {isa = PBXFileReference; explicitFileType = wrapper.application; includeInIndex = 0; path = FoodDeliveryApp.app; sourceTree = BUILT_PRODUCTS_DIR; };
		1155527B2BC6D61400FC87C1 /* AppDelegate.swift */ = {isa = PBXFileReference; lastKnownFileType = sourcecode.swift; path = AppDelegate.swift; sourceTree = "<group>"; };
		1155527D2BC6D61400FC87C1 /* SceneDelegate.swift */ = {isa = PBXFileReference; lastKnownFileType = sourcecode.swift; path = SceneDelegate.swift; sourceTree = "<group>"; };
		1155527F2BC6D61400FC87C1 /* ViewController.swift */ = {isa = PBXFileReference; lastKnownFileType = sourcecode.swift; path = ViewController.swift; sourceTree = "<group>"; };
		115552842BC6D61600FC87C1 /* Assets.xcassets */ = {isa = PBXFileReference; lastKnownFileType = folder.assetcatalog; path = Assets.xcassets; sourceTree = "<group>"; };
		115552872BC6D61600FC87C1 /* Base */ = {isa = PBXFileReference; lastKnownFileType = file.storyboard; name = Base; path = Base.lproj/LaunchScreen.storyboard; sourceTree = "<group>"; };
		115552892BC6D61600FC87C1 /* Info.plist */ = {isa = PBXFileReference; lastKnownFileType = text.plist.xml; path = Info.plist; sourceTree = "<group>"; };
		115552922BC70F4E00FC87C1 /* Roboto-Medium.ttf */ = {isa = PBXFileReference; lastKnownFileType = file; path = "Roboto-Medium.ttf"; sourceTree = "<group>"; };
		115552932BC70F4E00FC87C1 /* Roboto-Light.ttf */ = {isa = PBXFileReference; lastKnownFileType = file; path = "Roboto-Light.ttf"; sourceTree = "<group>"; };
		115552942BC70F4E00FC87C1 /* Roboto-Regular.ttf */ = {isa = PBXFileReference; lastKnownFileType = file; path = "Roboto-Regular.ttf"; sourceTree = "<group>"; };
		115552952BC70F4E00FC87C1 /* Roboto-MediumItalic.ttf */ = {isa = PBXFileReference; lastKnownFileType = file; path = "Roboto-MediumItalic.ttf"; sourceTree = "<group>"; };
		115552962BC70F4E00FC87C1 /* Roboto-ThinItalic.ttf */ = {isa = PBXFileReference; lastKnownFileType = file; path = "Roboto-ThinItalic.ttf"; sourceTree = "<group>"; };
		115552972BC70F4E00FC87C1 /* Roboto-BoldItalic.ttf */ = {isa = PBXFileReference; lastKnownFileType = file; path = "Roboto-BoldItalic.ttf"; sourceTree = "<group>"; };
		115552982BC70F4E00FC87C1 /* Roboto-LightItalic.ttf */ = {isa = PBXFileReference; lastKnownFileType = file; path = "Roboto-LightItalic.ttf"; sourceTree = "<group>"; };
		115552992BC70F4E00FC87C1 /* Roboto-Italic.ttf */ = {isa = PBXFileReference; lastKnownFileType = file; path = "Roboto-Italic.ttf"; sourceTree = "<group>"; };
		1155529A2BC70F4E00FC87C1 /* LICENSE.txt */ = {isa = PBXFileReference; fileEncoding = 4; lastKnownFileType = text; path = LICENSE.txt; sourceTree = "<group>"; };
		1155529B2BC70F4E00FC87C1 /* Roboto-BlackItalic.ttf */ = {isa = PBXFileReference; lastKnownFileType = file; path = "Roboto-BlackItalic.ttf"; sourceTree = "<group>"; };
		1155529C2BC70F4E00FC87C1 /* Roboto-Bold.ttf */ = {isa = PBXFileReference; lastKnownFileType = file; path = "Roboto-Bold.ttf"; sourceTree = "<group>"; };
		1155529D2BC70F4E00FC87C1 /* Roboto-Thin.ttf */ = {isa = PBXFileReference; lastKnownFileType = file; path = "Roboto-Thin.ttf"; sourceTree = "<group>"; };
		1155529E2BC70F4E00FC87C1 /* Roboto-Black.ttf */ = {isa = PBXFileReference; lastKnownFileType = file; path = "Roboto-Black.ttf"; sourceTree = "<group>"; };
		115552AC2BC713A300FC87C1 /* UIFont + Extension.swift */ = {isa = PBXFileReference; lastKnownFileType = sourcecode.swift; path = "UIFont + Extension.swift"; sourceTree = "<group>"; };
/* End PBXFileReference section */

/* Begin PBXFrameworksBuildPhase section */
		115552752BC6D61400FC87C1 /* Frameworks */ = {
			isa = PBXFrameworksBuildPhase;
			buildActionMask = 2147483647;
			files = (
			);
			runOnlyForDeploymentPostprocessing = 0;
		};
/* End PBXFrameworksBuildPhase section */

/* Begin PBXGroup section */
		1155526F2BC6D61400FC87C1 = {
			isa = PBXGroup;
			children = (
				1155527A2BC6D61400FC87C1 /* FoodDeliveryApp */,
				115552792BC6D61400FC87C1 /* Products */,
			);
			sourceTree = "<group>";
		};
		115552792BC6D61400FC87C1 /* Products */ = {
			isa = PBXGroup;
			children = (
				115552782BC6D61400FC87C1 /* FoodDeliveryApp.app */,
			);
			name = Products;
			sourceTree = "<group>";
		};
		1155527A2BC6D61400FC87C1 /* FoodDeliveryApp */ = {
			isa = PBXGroup;
			children = (
				1155528F2BC70F2400FC87C1 /* Resources */,
				1155527B2BC6D61400FC87C1 /* AppDelegate.swift */,
				1155527D2BC6D61400FC87C1 /* SceneDelegate.swift */,
				1155527F2BC6D61400FC87C1 /* ViewController.swift */,
				115552842BC6D61600FC87C1 /* Assets.xcassets */,
				115552862BC6D61600FC87C1 /* LaunchScreen.storyboard */,
				115552892BC6D61600FC87C1 /* Info.plist */,
			);
			path = FoodDeliveryApp;
			sourceTree = "<group>";
		};
		1155528F2BC70F2400FC87C1 /* Resources */ = {
			isa = PBXGroup;
			children = (
				115552AE2BC713A800FC87C1 /* Extensions */,
				115552902BC70F2B00FC87C1 /* Fonts */,
			);
			path = Resources;
			sourceTree = "<group>";
		};
		115552902BC70F2B00FC87C1 /* Fonts */ = {
			isa = PBXGroup;
			children = (
				115552912BC70F4E00FC87C1 /* Roboto */,
			);
			path = Fonts;
			sourceTree = "<group>";
		};
		115552912BC70F4E00FC87C1 /* Roboto */ = {
			isa = PBXGroup;
			children = (
				115552922BC70F4E00FC87C1 /* Roboto-Medium.ttf */,
				115552932BC70F4E00FC87C1 /* Roboto-Light.ttf */,
				115552942BC70F4E00FC87C1 /* Roboto-Regular.ttf */,
				115552952BC70F4E00FC87C1 /* Roboto-MediumItalic.ttf */,
				115552962BC70F4E00FC87C1 /* Roboto-ThinItalic.ttf */,
				115552972BC70F4E00FC87C1 /* Roboto-BoldItalic.ttf */,
				115552982BC70F4E00FC87C1 /* Roboto-LightItalic.ttf */,
				115552992BC70F4E00FC87C1 /* Roboto-Italic.ttf */,
				1155529A2BC70F4E00FC87C1 /* LICENSE.txt */,
				1155529B2BC70F4E00FC87C1 /* Roboto-BlackItalic.ttf */,
				1155529C2BC70F4E00FC87C1 /* Roboto-Bold.ttf */,
				1155529D2BC70F4E00FC87C1 /* Roboto-Thin.ttf */,
				1155529E2BC70F4E00FC87C1 /* Roboto-Black.ttf */,
			);
			path = Roboto;
			sourceTree = "<group>";
		};
		115552AE2BC713A800FC87C1 /* Extensions */ = {
			isa = PBXGroup;
			children = (
				115552AC2BC713A300FC87C1 /* UIFont + Extension.swift */,
			);
			path = Extensions;
			sourceTree = "<group>";
		};
/* End PBXGroup section */

/* Begin PBXNativeTarget section */
		115552772BC6D61400FC87C1 /* FoodDeliveryApp */ = {
			isa = PBXNativeTarget;
			buildConfigurationList = 1155528C2BC6D61600FC87C1 /* Build configuration list for PBXNativeTarget "FoodDeliveryApp" */;
			buildPhases = (
				115552742BC6D61400FC87C1 /* Sources */,
				115552752BC6D61400FC87C1 /* Frameworks */,
				115552762BC6D61400FC87C1 /* Resources */,
			);
			buildRules = (
			);
			dependencies = (
			);
			name = FoodDeliveryApp;
			productName = FoodDeliveryApp;
			productReference = 115552782BC6D61400FC87C1 /* FoodDeliveryApp.app */;
			productType = "com.apple.product-type.application";
		};
/* End PBXNativeTarget section */

/* Begin PBXProject section */
		115552702BC6D61400FC87C1 /* Project object */ = {
			isa = PBXProject;
			attributes = {
				BuildIndependentTargetsInParallel = 1;
				LastSwiftUpdateCheck = 1430;
				LastUpgradeCheck = 1430;
				TargetAttributes = {
					115552772BC6D61400FC87C1 = {
						CreatedOnToolsVersion = 14.3.1;
					};
				};
			};
			buildConfigurationList = 115552732BC6D61400FC87C1 /* Build configuration list for PBXProject "FoodDeliveryApp" */;
			compatibilityVersion = "Xcode 14.0";
			developmentRegion = en;
			hasScannedForEncodings = 0;
			knownRegions = (
				en,
				Base,
			);
			mainGroup = 1155526F2BC6D61400FC87C1;
			productRefGroup = 115552792BC6D61400FC87C1 /* Products */;
			projectDirPath = "";
			projectRoot = "";
			targets = (
				115552772BC6D61400FC87C1 /* FoodDeliveryApp */,
			);
		};
/* End PBXProject section */

/* Begin PBXResourcesBuildPhase section */
		115552762BC6D61400FC87C1 /* Resources */ = {
			isa = PBXResourcesBuildPhase;
			buildActionMask = 2147483647;
			files = (
				115552AA2BC70F4F00FC87C1 /* Roboto-Thin.ttf in Resources */,
				115552A72BC70F4F00FC87C1 /* LICENSE.txt in Resources */,
				115552AB2BC70F4F00FC87C1 /* Roboto-Black.ttf in Resources */,
				115552A92BC70F4F00FC87C1 /* Roboto-Bold.ttf in Resources */,
				115552882BC6D61600FC87C1 /* LaunchScreen.storyboard in Resources */,
				115552852BC6D61600FC87C1 /* Assets.xcassets in Resources */,
				115552A42BC70F4F00FC87C1 /* Roboto-BoldItalic.ttf in Resources */,
				115552A12BC70F4F00FC87C1 /* Roboto-Regular.ttf in Resources */,
				115552A32BC70F4F00FC87C1 /* Roboto-ThinItalic.ttf in Resources */,
				115552A52BC70F4F00FC87C1 /* Roboto-LightItalic.ttf in Resources */,
				115552A82BC70F4F00FC87C1 /* Roboto-BlackItalic.ttf in Resources */,
				115552A02BC70F4F00FC87C1 /* Roboto-Light.ttf in Resources */,
				115552A62BC70F4F00FC87C1 /* Roboto-Italic.ttf in Resources */,
				115552A22BC70F4F00FC87C1 /* Roboto-MediumItalic.ttf in Resources */,
				1155529F2BC70F4F00FC87C1 /* Roboto-Medium.ttf in Resources */,
			);
			runOnlyForDeploymentPostprocessing = 0;
		};
/* End PBXResourcesBuildPhase section */

/* Begin PBXSourcesBuildPhase section */
		115552742BC6D61400FC87C1 /* Sources */ = {
			isa = PBXSourcesBuildPhase;
			buildActionMask = 2147483647;
			files = (
				115552AD2BC713A300FC87C1 /* UIFont + Extension.swift in Sources */,
				115552802BC6D61400FC87C1 /* ViewController.swift in Sources */,
				1155527C2BC6D61400FC87C1 /* AppDelegate.swift in Sources */,
				1155527E2BC6D61400FC87C1 /* SceneDelegate.swift in Sources */,
			);
			runOnlyForDeploymentPostprocessing = 0;
		};
/* End PBXSourcesBuildPhase section */

/* Begin PBXVariantGroup section */
		115552862BC6D61600FC87C1 /* LaunchScreen.storyboard */ = {
			isa = PBXVariantGroup;
			children = (
				115552872BC6D61600FC87C1 /* Base */,
			);
			name = LaunchScreen.storyboard;
			sourceTree = "<group>";
		};
/* End PBXVariantGroup section */

/* Begin XCBuildConfiguration section */
		1155528A2BC6D61600FC87C1 /* Debug */ = {
			isa = XCBuildConfiguration;
			buildSettings = {
				ALWAYS_SEARCH_USER_PATHS = NO;
				CLANG_ANALYZER_NONNULL = YES;
				CLANG_ANALYZER_NUMBER_OBJECT_CONVERSION = YES_AGGRESSIVE;
				CLANG_CXX_LANGUAGE_STANDARD = "gnu++20";
				CLANG_ENABLE_MODULES = YES;
				CLANG_ENABLE_OBJC_ARC = YES;
				CLANG_ENABLE_OBJC_WEAK = YES;
				CLANG_WARN_BLOCK_CAPTURE_AUTORELEASING = YES;
				CLANG_WARN_BOOL_CONVERSION = YES;
				CLANG_WARN_COMMA = YES;
				CLANG_WARN_CONSTANT_CONVERSION = YES;
				CLANG_WARN_DEPRECATED_OBJC_IMPLEMENTATIONS = YES;
				CLANG_WARN_DIRECT_OBJC_ISA_USAGE = YES_ERROR;
				CLANG_WARN_DOCUMENTATION_COMMENTS = YES;
				CLANG_WARN_EMPTY_BODY = YES;
				CLANG_WARN_ENUM_CONVERSION = YES;
				CLANG_WARN_INFINITE_RECURSION = YES;
				CLANG_WARN_INT_CONVERSION = YES;
				CLANG_WARN_NON_LITERAL_NULL_CONVERSION = YES;
				CLANG_WARN_OBJC_IMPLICIT_RETAIN_SELF = YES;
				CLANG_WARN_OBJC_LITERAL_CONVERSION = YES;
				CLANG_WARN_OBJC_ROOT_CLASS = YES_ERROR;
				CLANG_WARN_QUOTED_INCLUDE_IN_FRAMEWORK_HEADER = YES;
				CLANG_WARN_RANGE_LOOP_ANALYSIS = YES;
				CLANG_WARN_STRICT_PROTOTYPES = YES;
				CLANG_WARN_SUSPICIOUS_MOVE = YES;
				CLANG_WARN_UNGUARDED_AVAILABILITY = YES_AGGRESSIVE;
				CLANG_WARN_UNREACHABLE_CODE = YES;
				CLANG_WARN__DUPLICATE_METHOD_MATCH = YES;
				COPY_PHASE_STRIP = NO;
				DEBUG_INFORMATION_FORMAT = dwarf;
				ENABLE_STRICT_OBJC_MSGSEND = YES;
				ENABLE_TESTABILITY = YES;
				GCC_C_LANGUAGE_STANDARD = gnu11;
				GCC_DYNAMIC_NO_PIC = NO;
				GCC_NO_COMMON_BLOCKS = YES;
				GCC_OPTIMIZATION_LEVEL = 0;
				GCC_PREPROCESSOR_DEFINITIONS = (
					"DEBUG=1",
					"$(inherited)",
				);
				GCC_WARN_64_TO_32_BIT_CONVERSION = YES;
				GCC_WARN_ABOUT_RETURN_TYPE = YES_ERROR;
				GCC_WARN_UNDECLARED_SELECTOR = YES;
				GCC_WARN_UNINITIALIZED_AUTOS = YES_AGGRESSIVE;
				GCC_WARN_UNUSED_FUNCTION = YES;
				GCC_WARN_UNUSED_VARIABLE = YES;
				IPHONEOS_DEPLOYMENT_TARGET = 16.4;
				MTL_ENABLE_DEBUG_INFO = INCLUDE_SOURCE;
				MTL_FAST_MATH = YES;
				ONLY_ACTIVE_ARCH = YES;
				SDKROOT = iphoneos;
				SWIFT_ACTIVE_COMPILATION_CONDITIONS = DEBUG;
				SWIFT_OPTIMIZATION_LEVEL = "-Onone";
			};
			name = Debug;
		};
		1155528B2BC6D61600FC87C1 /* Release */ = {
			isa = XCBuildConfiguration;
			buildSettings = {
				ALWAYS_SEARCH_USER_PATHS = NO;
				CLANG_ANALYZER_NONNULL = YES;
				CLANG_ANALYZER_NUMBER_OBJECT_CONVERSION = YES_AGGRESSIVE;
				CLANG_CXX_LANGUAGE_STANDARD = "gnu++20";
				CLANG_ENABLE_MODULES = YES;
				CLANG_ENABLE_OBJC_ARC = YES;
				CLANG_ENABLE_OBJC_WEAK = YES;
				CLANG_WARN_BLOCK_CAPTURE_AUTORELEASING = YES;
				CLANG_WARN_BOOL_CONVERSION = YES;
				CLANG_WARN_COMMA = YES;
				CLANG_WARN_CONSTANT_CONVERSION = YES;
				CLANG_WARN_DEPRECATED_OBJC_IMPLEMENTATIONS = YES;
				CLANG_WARN_DIRECT_OBJC_ISA_USAGE = YES_ERROR;
				CLANG_WARN_DOCUMENTATION_COMMENTS = YES;
				CLANG_WARN_EMPTY_BODY = YES;
				CLANG_WARN_ENUM_CONVERSION = YES;
				CLANG_WARN_INFINITE_RECURSION = YES;
				CLANG_WARN_INT_CONVERSION = YES;
				CLANG_WARN_NON_LITERAL_NULL_CONVERSION = YES;
				CLANG_WARN_OBJC_IMPLICIT_RETAIN_SELF = YES;
				CLANG_WARN_OBJC_LITERAL_CONVERSION = YES;
				CLANG_WARN_OBJC_ROOT_CLASS = YES_ERROR;
				CLANG_WARN_QUOTED_INCLUDE_IN_FRAMEWORK_HEADER = YES;
				CLANG_WARN_RANGE_LOOP_ANALYSIS = YES;
				CLANG_WARN_STRICT_PROTOTYPES = YES;
				CLANG_WARN_SUSPICIOUS_MOVE = YES;
				CLANG_WARN_UNGUARDED_AVAILABILITY = YES_AGGRESSIVE;
				CLANG_WARN_UNREACHABLE_CODE = YES;
				CLANG_WARN__DUPLICATE_METHOD_MATCH = YES;
				COPY_PHASE_STRIP = NO;
				DEBUG_INFORMATION_FORMAT = "dwarf-with-dsym";
				ENABLE_NS_ASSERTIONS = NO;
				ENABLE_STRICT_OBJC_MSGSEND = YES;
				GCC_C_LANGUAGE_STANDARD = gnu11;
				GCC_NO_COMMON_BLOCKS = YES;
				GCC_WARN_64_TO_32_BIT_CONVERSION = YES;
				GCC_WARN_ABOUT_RETURN_TYPE = YES_ERROR;
				GCC_WARN_UNDECLARED_SELECTOR = YES;
				GCC_WARN_UNINITIALIZED_AUTOS = YES_AGGRESSIVE;
				GCC_WARN_UNUSED_FUNCTION = YES;
				GCC_WARN_UNUSED_VARIABLE = YES;
				IPHONEOS_DEPLOYMENT_TARGET = 16.4;
				MTL_ENABLE_DEBUG_INFO = NO;
				MTL_FAST_MATH = YES;
				SDKROOT = iphoneos;
				SWIFT_COMPILATION_MODE = wholemodule;
				SWIFT_OPTIMIZATION_LEVEL = "-O";
				VALIDATE_PRODUCT = YES;
			};
			name = Release;
		};
		1155528D2BC6D61600FC87C1 /* Debug */ = {
			isa = XCBuildConfiguration;
			buildSettings = {
				ASSETCATALOG_COMPILER_APPICON_NAME = AppIcon;
				ASSETCATALOG_COMPILER_GLOBAL_ACCENT_COLOR_NAME = AccentColor;
				CODE_SIGN_STYLE = Automatic;
				CURRENT_PROJECT_VERSION = 1;
				DEVELOPMENT_TEAM = XYDNW9XVU2;
				GENERATE_INFOPLIST_FILE = YES;
				INFOPLIST_FILE = FoodDeliveryApp/Info.plist;
				INFOPLIST_KEY_UIApplicationSupportsIndirectInputEvents = YES;
				INFOPLIST_KEY_UILaunchStoryboardName = LaunchScreen;
				INFOPLIST_KEY_UISupportedInterfaceOrientations_iPad = "UIInterfaceOrientationPortrait UIInterfaceOrientationPortraitUpsideDown UIInterfaceOrientationLandscapeLeft UIInterfaceOrientationLandscapeRight";
				INFOPLIST_KEY_UISupportedInterfaceOrientations_iPhone = "UIInterfaceOrientationPortrait UIInterfaceOrientationLandscapeLeft UIInterfaceOrientationLandscapeRight";
				LD_RUNPATH_SEARCH_PATHS = (
					"$(inherited)",
					"@executable_path/Frameworks",
				);
				MARKETING_VERSION = 1.0;
				PRODUCT_BUNDLE_IDENTIFIER = fun.swiftpractice.FoodDeliveryApp;
				PRODUCT_NAME = "$(TARGET_NAME)";
				SUPPORTED_PLATFORMS = "iphoneos iphonesimulator";
				SUPPORTS_MACCATALYST = NO;
				SUPPORTS_MAC_DESIGNED_FOR_IPHONE_IPAD = NO;
				SWIFT_EMIT_LOC_STRINGS = YES;
				SWIFT_VERSION = 5.0;
				TARGETED_DEVICE_FAMILY = 1;
			};
			name = Debug;
		};
		1155528E2BC6D61600FC87C1 /* Release */ = {
			isa = XCBuildConfiguration;
			buildSettings = {
				ASSETCATALOG_COMPILER_APPICON_NAME = AppIcon;
				ASSETCATALOG_COMPILER_GLOBAL_ACCENT_COLOR_NAME = AccentColor;
				CODE_SIGN_STYLE = Automatic;
				CURRENT_PROJECT_VERSION = 1;
				DEVELOPMENT_TEAM = XYDNW9XVU2;
				GENERATE_INFOPLIST_FILE = YES;
				INFOPLIST_FILE = FoodDeliveryApp/Info.plist;
				INFOPLIST_KEY_UIApplicationSupportsIndirectInputEvents = YES;
				INFOPLIST_KEY_UILaunchStoryboardName = LaunchScreen;
				INFOPLIST_KEY_UISupportedInterfaceOrientations_iPad = "UIInterfaceOrientationPortrait UIInterfaceOrientationPortraitUpsideDown UIInterfaceOrientationLandscapeLeft UIInterfaceOrientationLandscapeRight";
				INFOPLIST_KEY_UISupportedInterfaceOrientations_iPhone = "UIInterfaceOrientationPortrait UIInterfaceOrientationLandscapeLeft UIInterfaceOrientationLandscapeRight";
				LD_RUNPATH_SEARCH_PATHS = (
					"$(inherited)",
					"@executable_path/Frameworks",
				);
				MARKETING_VERSION = 1.0;
				PRODUCT_BUNDLE_IDENTIFIER = fun.swiftpractice.FoodDeliveryApp;
				PRODUCT_NAME = "$(TARGET_NAME)";
				SUPPORTED_PLATFORMS = "iphoneos iphonesimulator";
				SUPPORTS_MACCATALYST = NO;
				SUPPORTS_MAC_DESIGNED_FOR_IPHONE_IPAD = NO;
				SWIFT_EMIT_LOC_STRINGS = YES;
				SWIFT_VERSION = 5.0;
				TARGETED_DEVICE_FAMILY = 1;
			};
			name = Release;
		};
/* End XCBuildConfiguration section */

/* Begin XCConfigurationList section */
		115552732BC6D61400FC87C1 /* Build configuration list for PBXProject "FoodDeliveryApp" */ = {
			isa = XCConfigurationList;
			buildConfigurations = (
				1155528A2BC6D61600FC87C1 /* Debug */,
				1155528B2BC6D61600FC87C1 /* Release */,
			);
			defaultConfigurationIsVisible = 0;
			defaultConfigurationName = Release;
		};
		1155528C2BC6D61600FC87C1 /* Build configuration list for PBXNativeTarget "FoodDeliveryApp" */ = {
			isa = XCConfigurationList;
			buildConfigurations = (
				1155528D2BC6D61600FC87C1 /* Debug */,
				1155528E2BC6D61600FC87C1 /* Release */,
			);
			defaultConfigurationIsVisible = 0;
			defaultConfigurationName = Release;
		};
/* End XCConfigurationList section */
	};
	rootObject = 115552702BC6D61400FC87C1 /* Project object */;
}
